<?xml version="1.0" encoding="utf-8"?>
<Project ToolsVersion="17.0" xmlns="http://schemas.microsoft.com/developer/msbuild/2003">
  <ItemGroup>
    <ClCompile Include="C:\Users\79252\Downloads\quickjs-2021-03-27\qjs.c">
      <Filter>Source Files</Filter>
    </ClCompile>
    <ClCompile Include="C:\Users\79252\Downloads\quickjs-2021-03-27\repl.c">
      <Filter>Source Files</Filter>
    </ClCompile>
    <ClCompile Include="C:\Users\79252\Downloads\quickjs-2021-03-27\quickjs.c">
      <Filter>Source Files</Filter>
    </ClCompile>
    <ClCompile Include="C:\Users\79252\Downloads\quickjs-2021-03-27\libregexp.c">
      <Filter>Source Files</Filter>
    </ClCompile>
    <ClCompile Include="C:\Users\79252\Downloads\quickjs-2021-03-27\libunicode.c">
      <Filter>Source Files</Filter>
    </ClCompile>
    <ClCompile Include="C:\Users\79252\Downloads\quickjs-2021-03-27\cutils.c">
      <Filter>Source Files</Filter>
    </ClCompile>
    <ClCompile Include="C:\Users\79252\Downloads\quickjs-2021-03-27\quickjs-libc.c">
      <Filter>Source Files</Filter>
    </ClCompile>
    <ClCompile Include="C:\Users\79252\Downloads\quickjs-2021-03-27\libbf.c">
      <Filter>Source Files</Filter>
    </ClCompile>
    <ClCompile Include="C:\Users\79252\Downloads\quickjs-2021-03-27\qjscalc.c">
      <Filter>Source Files</Filter>
    </ClCompile>
  </ItemGroup>
  <ItemGroup>
    <CustomBuild Include="C:\Users\79252\Downloads\quickjs-2021-03-27\CMakeLists.txt" />
  </ItemGroup>
  <ItemGroup>
    <Filter Include="Source Files">
      <UniqueIdentifier>{30C3BDEF-37FB-3A7F-AE8B-8DD710F64CC6}</UniqueIdentifier>
    </Filter>
  </ItemGroup>
</Project>
