<?xml version="1.0" encoding="utf-8"?>
<Project ToolsVersion="17.0" xmlns="http://schemas.microsoft.com/developer/msbuild/2003">
  <ItemGroup>
    <CustomBuild Include="C:\Users\79252\Downloads\quickjs-2021-03-27\cmake-build\CMakeFiles\18be8a6062533f5b893238ba484702c1\generate.stamp.rule">
      <Filter>CMake Rules</Filter>
    </CustomBuild>
  </ItemGroup>
  <ItemGroup>
    <Filter Include="CMake Rules">
      <UniqueIdentifier>{A25BD1AA-DE63-36EB-A3DD-19F2F634A734}</UniqueIdentifier>
    </Filter>
  </ItemGroup>
</Project>
